
Microsoft Visual Studio Solution File, Format Version 12.00
# Visual Studio for Mac
Project("{FAE04EC0-301F-11D3-BF4B-00C04F79EFBC}") = "Assembly-CSharp", "Assembly-CSharp.csproj", "{4F597825-F789-C279-C20F-BA44F3EDF1AE}"
EndProject
Project("{FAE04EC0-301F-11D3-BF4B-00C04F79EFBC}") = "Assembly-CSharp-Editor", "Assembly-CSharp-Editor.csproj", "{B815F813-6227-1CFC-30B8-0A2606D7A7D4}"
EndProject
Global
	GlobalSection(SolutionConfigurationPlatforms) = preSolution
		Debug|Any CPU = Debug|Any CPU
		Release|Any CPU = Release|Any CPU
	EndGlobalSection
	GlobalSection(ProjectConfigurationPlatforms) = postSolution
		{4F597825-F789-C279-C20F-BA44F3EDF1AE}.Debug|Any CPU.ActiveCfg = Debug|Any CPU
		{4F597825-F789-C279-C20F-BA44F3EDF1AE}.Debug|Any CPU.Build.0 = Debug|Any CPU
		{4F597825-F789-C279-C20F-BA44F3EDF1AE}.Release|Any CPU.ActiveCfg = Release|Any CPU
		{4F597825-F789-C279-C20F-BA44F3EDF1AE}.Release|Any CPU.Build.0 = Release|Any CPU
		{B815F813-6227-1CFC-30B8-0A2606D7A7D4}.Debug|Any CPU.ActiveCfg = Debug|Any CPU
		{B815F813-6227-1CFC-30B8-0A2606D7A7D4}.Debug|Any CPU.Build.0 = Debug|Any CPU
		{B815F813-6227-1CFC-30B8-0A2606D7A7D4}.Release|Any CPU.ActiveCfg = Release|Any CPU
		{B815F813-6227-1CFC-30B8-0A2606D7A7D4}.Release|Any CPU.Build.0 = Release|Any CPU
	EndGlobalSection
	GlobalSection(SolutionProperties) = preSolution
		HideSolutionNode = FALSE
	EndGlobalSection
EndGlobal
